
Microsoft Visual Studio Solution File, Format Version 12.00
# Visual Studio Version 16
VisualStudioVersion = 16.0.29609.76
MinimumVisualStudioVersion = 10.0.40219.1
Project("{FAE04EC0-301F-11D3-BF4B-00C04F79EFBC}") = "Masyvo apvertimas", "Masyvo apvertimas\Masyvo apvertimas.csproj", "{A403C383-E251-4D84-9649-679875DCDC87}"
EndProject
Global
	GlobalSection(SolutionConfigurationPlatforms) = preSolution
		Debug|Any CPU = Debug|Any CPU
		Release|Any CPU = Release|Any CPU
	EndGlobalSection
	GlobalSection(ProjectConfigurationPlatforms) = postSolution
		{A403C383-E251-4D84-9649-679875DCDC87}.Debug|Any CPU.ActiveCfg = Debug|Any CPU
		{A403C383-E251-4D84-9649-679875DCDC87}.Debug|Any CPU.Build.0 = Debug|Any CPU
		{A403C383-E251-4D84-9649-679875DCDC87}.Release|Any CPU.ActiveCfg = Release|Any CPU
		{A403C383-E251-4D84-9649-679875DCDC87}.Release|Any CPU.Build.0 = Release|Any CPU
	EndGlobalSection
	GlobalSection(SolutionProperties) = preSolution
		HideSolutionNode = FALSE
	EndGlobalSection
	GlobalSection(ExtensibilityGlobals) = postSolution
		SolutionGuid = {877B7EA4-A785-4D3B-A8D6-B87EF629D9B6}
	EndGlobalSection
EndGlobal
